
Microsoft Visual Studio Solution File, Format Version 12.00
# Visual Studio Version 17
VisualStudioVersion = 17.0.31903.59
MinimumVisualStudioVersion = 10.0.40219.1
Project("{2150E333-8FDC-42A3-9474-1A3956D46DE8}") = "src", "src", "{827E0CD3-B72D-47B6-A68D-7590B98EB39B}"
EndProject
Project("{FAE04EC0-301F-11D3-BF4B-00C04F79EFBC}") = "FreightDispatch.Core", "src\FreightDispatch.Core\FreightDispatch.Core.csproj", "{DF4F2115-5921-431E-AC1B-10BA24A72B9B}"
EndProject
Project("{FAE04EC0-301F-11D3-BF4B-00C04F79EFBC}") = "EdiX12.Core", "external\edi-x12-toolkit\src\EdiX12.Core\EdiX12.Core.csproj", "{2AA2DA76-3189-4A8E-A4ED-1B05F061366F}"
EndProject
Project("{FAE04EC0-301F-11D3-BF4B-00C04F79EFBC}") = "FreightDispatch.Api", "src\FreightDispatch.Api\FreightDispatch.Api.csproj", "{4490FE1C-E6CB-453B-BEF5-149A1A88358F}"
EndProject
Project("{2150E333-8FDC-42A3-9474-1A3956D46DE8}") = "tests", "tests", "{0AB3BF05-4346-4AA6-1389-037BE0695223}"
EndProject
Project("{FAE04EC0-301F-11D3-BF4B-00C04F79EFBC}") = "FreightDispatch.Tests", "tests\FreightDispatch.Tests\FreightDispatch.Tests.csproj", "{C95916FC-1592-4F21-8590-D8AB95C16659}"
EndProject
Project("{2150E333-8FDC-42A3-9474-1A3956D46DE8}") = "external", "external", "{A288BEE0-695A-BEEA-455C-649571D89326}"
EndProject
Global
	GlobalSection(SolutionConfigurationPlatforms) = preSolution
		Debug|Any CPU = Debug|Any CPU
		Debug|x64 = Debug|x64
		Debug|x86 = Debug|x86
		Release|Any CPU = Release|Any CPU
		Release|x64 = Release|x64
		Release|x86 = Release|x86
	EndGlobalSection
	GlobalSection(ProjectConfigurationPlatforms) = postSolution
		{DF4F2115-5921-431E-AC1B-10BA24A72B9B}.Debug|Any CPU.ActiveCfg = Debug|Any CPU
		{DF4F2115-5921-431E-AC1B-10BA24A72B9B}.Debug|Any CPU.Build.0 = Debug|Any CPU
		{DF4F2115-5921-431E-AC1B-10BA24A72B9B}.Debug|x64.ActiveCfg = Debug|Any CPU
		{DF4F2115-5921-431E-AC1B-10BA24A72B9B}.Debug|x64.Build.0 = Debug|Any CPU
		{DF4F2115-5921-431E-AC1B-10BA24A72B9B}.Debug|x86.ActiveCfg = Debug|Any CPU
		{DF4F2115-5921-431E-AC1B-10BA24A72B9B}.Debug|x86.Build.0 = Debug|Any CPU
		{DF4F2115-5921-431E-AC1B-10BA24A72B9B}.Release|Any CPU.ActiveCfg = Release|Any CPU
		{DF4F2115-5921-431E-AC1B-10BA24A72B9B}.Release|Any CPU.Build.0 = Release|Any CPU
		{DF4F2115-5921-431E-AC1B-10BA24A72B9B}.Release|x64.ActiveCfg = Release|Any CPU
		{DF4F2115-5921-431E-AC1B-10BA24A72B9B}.Release|x64.Build.0 = Release|Any CPU
		{DF4F2115-5921-431E-AC1B-10BA24A72B9B}.Release|x86.ActiveCfg = Release|Any CPU
		{DF4F2115-5921-431E-AC1B-10BA24A72B9B}.Release|x86.Build.0 = Release|Any CPU
		{2AA2DA76-3189-4A8E-A4ED-1B05F061366F}.Debug|Any CPU.ActiveCfg = Debug|Any CPU
		{2AA2DA76-3189-4A8E-A4ED-1B05F061366F}.Debug|Any CPU.Build.0 = Debug|Any CPU
		{2AA2DA76-3189-4A8E-A4ED-1B05F061366F}.Debug|x64.ActiveCfg = Debug|Any CPU
		{2AA2DA76-3189-4A8E-A4ED-1B05F061366F}.Debug|x64.Build.0 = Debug|Any CPU
		{2AA2DA76-3189-4A8E-A4ED-1B05F061366F}.Debug|x86.ActiveCfg = Debug|Any CPU
		{2AA2DA76-3189-4A8E-A4ED-1B05F061366F}.Debug|x86.Build.0 = Debug|Any CPU
		{2AA2DA76-3189-4A8E-A4ED-1B05F061366F}.Release|Any CPU.ActiveCfg = Release|Any CPU
		{2AA2DA76-3189-4A8E-A4ED-1B05F061366F}.Release|Any CPU.Build.0 = Release|Any CPU
		{2AA2DA76-3189-4A8E-A4ED-1B05F061366F}.Release|x64.ActiveCfg = Release|Any CPU
		{2AA2DA76-3189-4A8E-A4ED-1B05F061366F}.Release|x64.Build.0 = Release|Any CPU
		{2AA2DA76-3189-4A8E-A4ED-1B05F061366F}.Release|x86.ActiveCfg = Release|Any CPU
		{2AA2DA76-3189-4A8E-A4ED-1B05F061366F}.Release|x86.Build.0 = Release|Any CPU
		{4490FE1C-E6CB-453B-BEF5-149A1A88358F}.Debug|Any CPU.ActiveCfg = Debug|Any CPU
		{4490FE1C-E6CB-453B-BEF5-149A1A88358F}.Debug|Any CPU.Build.0 = Debug|Any CPU
		{4490FE1C-E6CB-453B-BEF5-149A1A88358F}.Debug|x64.ActiveCfg = Debug|Any CPU
		{4490FE1C-E6CB-453B-BEF5-149A1A88358F}.Debug|x64.Build.0 = Debug|Any CPU
		{4490FE1C-E6CB-453B-BEF5-149A1A88358F}.Debug|x86.ActiveCfg = Debug|Any CPU
		{4490FE1C-E6CB-453B-BEF5-149A1A88358F}.Debug|x86.Build.0 = Debug|Any CPU
		{4490FE1C-E6CB-453B-BEF5-149A1A88358F}.Release|Any CPU.ActiveCfg = Release|Any CPU
		{4490FE1C-E6CB-453B-BEF5-149A1A88358F}.Release|Any CPU.Build.0 = Release|Any CPU
		{4490FE1C-E6CB-453B-BEF5-149A1A88358F}.Release|x64.ActiveCfg = Release|Any CPU
		{4490FE1C-E6CB-453B-BEF5-149A1A88358F}.Release|x64.Build.0 = Release|Any CPU
		{4490FE1C-E6CB-453B-BEF5-149A1A88358F}.Release|x86.ActiveCfg = Release|Any CPU
		{4490FE1C-E6CB-453B-BEF5-149A1A88358F}.Release|x86.Build.0 = Release|Any CPU
		{C95916FC-1592-4F21-8590-D8AB95C16659}.Debug|Any CPU.ActiveCfg = Debug|Any CPU
		{C95916FC-1592-4F21-8590-D8AB95C16659}.Debug|Any CPU.Build.0 = Debug|Any CPU
		{C95916FC-1592-4F21-8590-D8AB95C16659}.Debug|x64.ActiveCfg = Debug|Any CPU
		{C95916FC-1592-4F21-8590-D8AB95C16659}.Debug|x64.Build.0 = Debug|Any CPU
		{C95916FC-1592-4F21-8590-D8AB95C16659}.Debug|x86.ActiveCfg = Debug|Any CPU
		{C95916FC-1592-4F21-8590-D8AB95C16659}.Debug|x86.Build.0 = Debug|Any CPU
		{C95916FC-1592-4F21-8590-D8AB95C16659}.Release|Any CPU.ActiveCfg = Release|Any CPU
		{C95916FC-1592-4F21-8590-D8AB95C16659}.Release|Any CPU.Build.0 = Release|Any CPU
		{C95916FC-1592-4F21-8590-D8AB95C16659}.Release|x64.ActiveCfg = Release|Any CPU
		{C95916FC-1592-4F21-8590-D8AB95C16659}.Release|x64.Build.0 = Release|Any CPU
		{C95916FC-1592-4F21-8590-D8AB95C16659}.Release|x86.ActiveCfg = Release|Any CPU
		{C95916FC-1592-4F21-8590-D8AB95C16659}.Release|x86.Build.0 = Release|Any CPU
	EndGlobalSection
	GlobalSection(SolutionProperties) = preSolution
		HideSolutionNode = FALSE
	EndGlobalSection
	GlobalSection(NestedProjects) = preSolution
		{DF4F2115-5921-431E-AC1B-10BA24A72B9B} = {827E0CD3-B72D-47B6-A68D-7590B98EB39B}
		{4490FE1C-E6CB-453B-BEF5-149A1A88358F} = {827E0CD3-B72D-47B6-A68D-7590B98EB39B}
		{C95916FC-1592-4F21-8590-D8AB95C16659} = {0AB3BF05-4346-4AA6-1389-037BE0695223}
		{2AA2DA76-3189-4A8E-A4ED-1B05F061366F} = {A288BEE0-695A-BEEA-455C-649571D89326}
	EndGlobalSection
EndGlobal
